
Microsoft Visual Studio Solution File, Format Version 12.00
# Visual Studio Version 16
VisualStudioVersion = 25.0.1705.4
MinimumVisualStudioVersion = 10.0.40219.1
Project("{FAE04EC0-301F-11D3-BF4B-00C04F79EFBC}") = "Roman-Numerals-Translator", "Roman-Numerals-Translator\Roman-Numerals-Translator.csproj", "{E4E7CACA-1E17-495F-9868-13F0AAC1386F}"
EndProject
Project("{FAE04EC0-301F-11D3-BF4B-00C04F79EFBC}") = "Roman-Numerals-Translator.Tests", "Roman-Numerals-Translator.Tests\Roman-Numerals-Translator.Tests.csproj", "{771BDE4A-CB25-487D-9669-D8C89641E624}"
EndProject
Global
	GlobalSection(SolutionConfigurationPlatforms) = preSolution
		Debug|Any CPU = Debug|Any CPU
		Release|Any CPU = Release|Any CPU
	EndGlobalSection
	GlobalSection(ProjectConfigurationPlatforms) = postSolution
		{E4E7CACA-1E17-495F-9868-13F0AAC1386F}.Debug|Any CPU.ActiveCfg = Debug|Any CPU
		{E4E7CACA-1E17-495F-9868-13F0AAC1386F}.Debug|Any CPU.Build.0 = Debug|Any CPU
		{E4E7CACA-1E17-495F-9868-13F0AAC1386F}.Release|Any CPU.ActiveCfg = Release|Any CPU
		{E4E7CACA-1E17-495F-9868-13F0AAC1386F}.Release|Any CPU.Build.0 = Release|Any CPU
		{771BDE4A-CB25-487D-9669-D8C89641E624}.Debug|Any CPU.ActiveCfg = Debug|Any CPU
		{771BDE4A-CB25-487D-9669-D8C89641E624}.Debug|Any CPU.Build.0 = Debug|Any CPU
		{771BDE4A-CB25-487D-9669-D8C89641E624}.Release|Any CPU.ActiveCfg = Release|Any CPU
		{771BDE4A-CB25-487D-9669-D8C89641E624}.Release|Any CPU.Build.0 = Release|Any CPU
	EndGlobalSection
	GlobalSection(SolutionProperties) = preSolution
		HideSolutionNode = FALSE
	EndGlobalSection
	GlobalSection(ExtensibilityGlobals) = postSolution
		SolutionGuid = {46388363-0BEE-4BEA-8A0C-AA89B0E53F44}
	EndGlobalSection
EndGlobal
